Microsoft Visual Studio Solution File, Format Version 12.00
# Visual Studio Version 17
VisualStudioVersion = 17.5.2.0
MinimumVisualStudioVersion = 10.0.40219.1
Project("{FAE04EC0-301F-11D3-BF4B-00C04F79EFBC}") = "mqtt_everynet", "mqtt_everynet.csproj", "{2F20CD54-7978-DE20-DB69-EAF90930A4EE}"
EndProject
Global
	GlobalSection(SolutionConfigurationPlatforms) = preSolution
		Debug|Any CPU = Debug|Any CPU
		Release|Any CPU = Release|Any CPU
	EndGlobalSection
	GlobalSection(ProjectConfigurationPlatforms) = postSolution
		{2F20CD54-7978-DE20-DB69-EAF90930A4EE}.Debug|Any CPU.ActiveCfg = Debug|Any CPU
		{2F20CD54-7978-DE20-DB69-EAF90930A4EE}.Debug|Any CPU.Build.0 = Debug|Any CPU
		{2F20CD54-7978-DE20-DB69-EAF90930A4EE}.Release|Any CPU.ActiveCfg = Release|Any CPU
		{2F20CD54-7978-DE20-DB69-EAF90930A4EE}.Release|Any CPU.Build.0 = Release|Any CPU
	EndGlobalSection
	GlobalSection(SolutionProperties) = preSolution
		HideSolutionNode = FALSE
	EndGlobalSection
	GlobalSection(ExtensibilityGlobals) = postSolution
		SolutionGuid = {D141B777-68BA-4340-8399-02FEE6B195A0}
	EndGlobalSection
EndGlobal
